{
  "name": "hera",
  "version": "1.0.0",
  "lockfileVersion": 2,
  "requires": true,
  "packages": {
    "": {
      "version": "1.0.0",
      "license": "ISC",
      "dependencies": {
        "configparser": "^0.3.9"
      }
    },
    "node_modules/configparser": {
      "version": "0.3.9",
      "resolved": "https://registry.npmjs.org/configparser/-/configparser-0.3.9.tgz",
      "integrity": "sha512-ZlHt4SyiCfcQmFkt+2OfUQG6PC4GLyXthfBHvCH9I4ZtDxqMaAkfeEP+bkgePWgO3869+dRMVIcjklwfZmPDjg==",
      "dependencies": {
        "mkdirp": "^0.5.1"
      }
    },
    "node_modules/minimist": {
      "version": "1.2.5",
      "resolved": "https://registry.npmjs.org/minimist/-/minimist-1.2.5.tgz",
      "integrity": "sha512-FM9nNUYrRBAELZQT3xeZQ7fmMOBg6nWNmJKTcgsJeaLstP/UODVpGsr5OhXhhXg6f+qtJ8uiZ+PUxkDWcgIXLw=="
    },
    "node_modules/mkdirp": {
      "version": "0.5.5",
      "resolved": "https://registry.npmjs.org/mkdirp/-/mkdirp-0.5.5.tgz",
      "integrity": "sha512-NKmAlESf6jMGym1++R0Ra7wvhV+wFW63FaSOFPwRahvea0gMUcGUhVeAg/0BC0wiv9ih5NYPB1Wn1UEI1/L+xQ==",
      "dependencies": {
        "minimist": "^1.2.5"
      },
      "bin": {
        "mkdirp": "bin/cmd.js"
      }
    }
  },
  "dependencies": {
    "configparser": {
      "version": "0.3.9",
      "resolved": "https://registry.npmjs.org/configparser/-/configparser-0.3.9.tgz",
      "integrity": "sha512-ZlHt4SyiCfcQmFkt+2OfUQG6PC4GLyXthfBHvCH9I4ZtDxqMaAkfeEP+bkgePWgO3869+dRMVIcjklwfZmPDjg==",
      "requires": {
        "mkdirp": "^0.5.1"
      }
    },
    "minimist": {
      "version": "1.2.5",
      "resolved": "https://registry.npmjs.org/minimist/-/minimist-1.2.5.tgz",
      "integrity": "sha512-FM9nNUYrRBAELZQT3xeZQ7fmMOBg6nWNmJKTcgsJeaLstP/UODVpGsr5OhXhhXg6f+qtJ8uiZ+PUxkDWcgIXLw=="
    },
    "mkdirp": {
      "version": "0.5.5",
      "resolved": "https://registry.npmjs.org/mkdirp/-/mkdirp-0.5.5.tgz",
      "integrity": "sha512-NKmAlESf6jMGym1++R0Ra7wvhV+wFW63FaSOFPwRahvea0gMUcGUhVeAg/0BC0wiv9ih5NYPB1Wn1UEI1/L+xQ==",
      "requires": {
        "minimist": "^1.2.5"
      }
    }
  }
}
